
Microsoft Visual Studio Solution File, Format Version 12.00
# Visual Studio 14
VisualStudioVersion = 14.0.24720.0
MinimumVisualStudioVersion = 10.0.40219.1
Project("{FAE04EC0-301F-11D3-BF4B-00C04F79EFBC}") = "Server", "Server\Server.csproj", "{A545C151-EFD7-4375-AA91-7CFFB838ED9E}"
EndProject
Project("{FAE04EC0-301F-11D3-BF4B-00C04F79EFBC}") = "Client", "Client\Client.csproj", "{C52311FE-7DF2-4FA9-82FF-8D8EE7B578DB}"
EndProject
Project("{FAE04EC0-301F-11D3-BF4B-00C04F79EFBC}") = "testClient", "testClient\testClient.csproj", "{18D16C48-99BC-471C-8EC4-EDFC218620AF}"
EndProject
Global
	GlobalSection(SolutionConfigurationPlatforms) = preSolution
		Debug|Any CPU = Debug|Any CPU
		Release|Any CPU = Release|Any CPU
	EndGlobalSection
	GlobalSection(ProjectConfigurationPlatforms) = postSolution
		{A545C151-EFD7-4375-AA91-7CFFB838ED9E}.Debug|Any CPU.ActiveCfg = Debug|Any CPU
		{A545C151-EFD7-4375-AA91-7CFFB838ED9E}.Debug|Any CPU.Build.0 = Debug|Any CPU
		{A545C151-EFD7-4375-AA91-7CFFB838ED9E}.Release|Any CPU.ActiveCfg = Release|Any CPU
		{A545C151-EFD7-4375-AA91-7CFFB838ED9E}.Release|Any CPU.Build.0 = Release|Any CPU
		{C52311FE-7DF2-4FA9-82FF-8D8EE7B578DB}.Debug|Any CPU.ActiveCfg = Debug|Any CPU
		{C52311FE-7DF2-4FA9-82FF-8D8EE7B578DB}.Debug|Any CPU.Build.0 = Debug|Any CPU
		{C52311FE-7DF2-4FA9-82FF-8D8EE7B578DB}.Release|Any CPU.ActiveCfg = Release|Any CPU
		{C52311FE-7DF2-4FA9-82FF-8D8EE7B578DB}.Release|Any CPU.Build.0 = Release|Any CPU
		{18D16C48-99BC-471C-8EC4-EDFC218620AF}.Debug|Any CPU.ActiveCfg = Debug|Any CPU
		{18D16C48-99BC-471C-8EC4-EDFC218620AF}.Debug|Any CPU.Build.0 = Debug|Any CPU
		{18D16C48-99BC-471C-8EC4-EDFC218620AF}.Release|Any CPU.ActiveCfg = Release|Any CPU
		{18D16C48-99BC-471C-8EC4-EDFC218620AF}.Release|Any CPU.Build.0 = Release|Any CPU
	EndGlobalSection
	GlobalSection(SolutionProperties) = preSolution
		HideSolutionNode = FALSE
	EndGlobalSection
EndGlobal
